
Microsoft Visual Studio Solution File, Format Version 12.00
# Visual Studio 2013
VisualStudioVersion = 12.0.40629.0
MinimumVisualStudioVersion = 10.0.40219.1
Project("{8BC9CEB8-8B4A-11D0-8D11-00A0C91BC942}") = "audio_player2", "audio_player2\audio_player2.vcxproj", "{7F5E18D6-9312-40B0-9507-959B117A8953}"
EndProject
Global
	GlobalSection(SolutionConfigurationPlatforms) = preSolution
		Debug|Win32 = Debug|Win32
		Release|Win32 = Release|Win32
	EndGlobalSection
	GlobalSection(ProjectConfigurationPlatforms) = postSolution
		{7F5E18D6-9312-40B0-9507-959B117A8953}.Debug|Win32.ActiveCfg = Debug|Win32
		{7F5E18D6-9312-40B0-9507-959B117A8953}.Debug|Win32.Build.0 = Debug|Win32
		{7F5E18D6-9312-40B0-9507-959B117A8953}.Release|Win32.ActiveCfg = Release|Win32
		{7F5E18D6-9312-40B0-9507-959B117A8953}.Release|Win32.Build.0 = Release|Win32
	EndGlobalSection
	GlobalSection(SolutionProperties) = preSolution
		HideSolutionNode = FALSE
	EndGlobalSection
EndGlobal
